
Microsoft Visual Studio Solution File, Format Version 12.00
# Visual Studio Version 17
VisualStudioVersion = 17.9.34728.123
MinimumVisualStudioVersion = 10.0.40219.1
Project("{FAE04EC0-301F-11D3-BF4B-00C04F79EFBC}") = "Roomex.Task.Core", "Roomex.Task.Core\Roomex.Task.Core.csproj", "{52259691-FAA0-4BB6-9685-FC046310F8F8}"
EndProject
Project("{FAE04EC0-301F-11D3-BF4B-00C04F79EFBC}") = "Roomex.Task.GeoCalculator", "Roomex.Tax.GeoCalculator\Roomex.Task.GeoCalculator.csproj", "{88B23499-53AA-475B-B7BE-4AC035D68DE1}"
EndProject
Project("{FAE04EC0-301F-11D3-BF4B-00C04F79EFBC}") = "Roomex.Task.GeoAPI", "Roomex.Tax.GeoAPI\Roomex.Task.GeoAPI.csproj", "{B6B3F947-002D-485C-AB70-9B614F728BC4}"
EndProject
Project("{2150E333-8FDC-42A3-9474-1A3956D46DE8}") = "Tests", "Tests", "{52952154-0A32-4B89-B54C-177B657C47A1}"
EndProject
Project("{FAE04EC0-301F-11D3-BF4B-00C04F79EFBC}") = "Roomex.Task.GeoCalculator.Tests", "Roomex.Task.GeoCalculator.Tests\Roomex.Task.GeoCalculator.Tests.csproj", "{62C6C3E7-593F-438E-B0A8-FE3C7AA24F45}"
EndProject
Project("{FAE04EC0-301F-11D3-BF4B-00C04F79EFBC}") = "Roomex.Task.API.Tests", "Roomex.Task.API.Tests\Roomex.Task.API.Tests.csproj", "{C38F555B-FF49-44DE-95B2-60C4B4C19BC5}"
EndProject
Global
	GlobalSection(SolutionConfigurationPlatforms) = preSolution
		Debug|Any CPU = Debug|Any CPU
		Release|Any CPU = Release|Any CPU
	EndGlobalSection
	GlobalSection(ProjectConfigurationPlatforms) = postSolution
		{52259691-FAA0-4BB6-9685-FC046310F8F8}.Debug|Any CPU.ActiveCfg = Debug|Any CPU
		{52259691-FAA0-4BB6-9685-FC046310F8F8}.Debug|Any CPU.Build.0 = Debug|Any CPU
		{52259691-FAA0-4BB6-9685-FC046310F8F8}.Release|Any CPU.ActiveCfg = Release|Any CPU
		{52259691-FAA0-4BB6-9685-FC046310F8F8}.Release|Any CPU.Build.0 = Release|Any CPU
		{88B23499-53AA-475B-B7BE-4AC035D68DE1}.Debug|Any CPU.ActiveCfg = Debug|Any CPU
		{88B23499-53AA-475B-B7BE-4AC035D68DE1}.Debug|Any CPU.Build.0 = Debug|Any CPU
		{88B23499-53AA-475B-B7BE-4AC035D68DE1}.Release|Any CPU.ActiveCfg = Release|Any CPU
		{88B23499-53AA-475B-B7BE-4AC035D68DE1}.Release|Any CPU.Build.0 = Release|Any CPU
		{B6B3F947-002D-485C-AB70-9B614F728BC4}.Debug|Any CPU.ActiveCfg = Debug|Any CPU
		{B6B3F947-002D-485C-AB70-9B614F728BC4}.Debug|Any CPU.Build.0 = Debug|Any CPU
		{B6B3F947-002D-485C-AB70-9B614F728BC4}.Release|Any CPU.ActiveCfg = Release|Any CPU
		{B6B3F947-002D-485C-AB70-9B614F728BC4}.Release|Any CPU.Build.0 = Release|Any CPU
		{62C6C3E7-593F-438E-B0A8-FE3C7AA24F45}.Debug|Any CPU.ActiveCfg = Debug|Any CPU
		{62C6C3E7-593F-438E-B0A8-FE3C7AA24F45}.Debug|Any CPU.Build.0 = Debug|Any CPU
		{62C6C3E7-593F-438E-B0A8-FE3C7AA24F45}.Release|Any CPU.ActiveCfg = Release|Any CPU
		{62C6C3E7-593F-438E-B0A8-FE3C7AA24F45}.Release|Any CPU.Build.0 = Release|Any CPU
		{C38F555B-FF49-44DE-95B2-60C4B4C19BC5}.Debug|Any CPU.ActiveCfg = Debug|Any CPU
		{C38F555B-FF49-44DE-95B2-60C4B4C19BC5}.Debug|Any CPU.Build.0 = Debug|Any CPU
		{C38F555B-FF49-44DE-95B2-60C4B4C19BC5}.Release|Any CPU.ActiveCfg = Release|Any CPU
		{C38F555B-FF49-44DE-95B2-60C4B4C19BC5}.Release|Any CPU.Build.0 = Release|Any CPU
	EndGlobalSection
	GlobalSection(SolutionProperties) = preSolution
		HideSolutionNode = FALSE
	EndGlobalSection
	GlobalSection(NestedProjects) = preSolution
		{62C6C3E7-593F-438E-B0A8-FE3C7AA24F45} = {52952154-0A32-4B89-B54C-177B657C47A1}
		{C38F555B-FF49-44DE-95B2-60C4B4C19BC5} = {52952154-0A32-4B89-B54C-177B657C47A1}
	EndGlobalSection
	GlobalSection(ExtensibilityGlobals) = postSolution
		SolutionGuid = {6DC1C2C5-A58D-4A13-B1D2-7695EF7B1BAF}
	EndGlobalSection
EndGlobal
